{
  "name": "filepond",
  "lockfileVersion": 3,
  "requires": true,
  "packages": {
    "": {
      "dependencies": {
        "filepond": "^4.31.1"
      },
      "devDependencies": {
        "prettier": "^3.3.3"
      }
    },
    "node_modules/filepond": {
      "version": "4.31.1",
      "resolved": "https://registry.npmjs.org/filepond/-/filepond-4.31.1.tgz",
      "integrity": "sha512-yWYK91Ky72L2AG7BlI8Cb0UjvJz+DjuYdLN1JbkJg8qmoiZ9AU5b5MuOkHmExk/9jQ5R7tRT+H+b8wDiFEJlxQ=="
    },
    "node_modules/prettier": {
      "version": "3.3.3",
      "resolved": "https://registry.npmjs.org/prettier/-/prettier-3.3.3.tgz",
      "integrity": "sha512-i2tDNA0O5IrMO757lfrdQZCc2jPNDVntV0m/+4whiDfWaTKfMNgR7Qz0NAeGz/nRqF4m5/6CLzbP4/liHt12Ew==",
      "dev": true,
      "bin": {
        "prettier": "bin/prettier.cjs"
      },
      "engines": {
        "node": ">=14"
      },
      "funding": {
        "url": "https://github.com/prettier/prettier?sponsor=1"
      }
    }
  }
}
